
Microsoft Visual Studio Solution File, Format Version 12.00
# Visual Studio 14
VisualStudioVersion = 14.0.25420.1
MinimumVisualStudioVersion = 10.0.40219.1
Project("{FAE04EC0-301F-11D3-BF4B-00C04F79EFBC}") = "TaxAssignment", "TaxAssignment\TaxAssignment.csproj", "{B017F51C-24D8-489C-B57F-249C6721E800}"
EndProject
Global
	GlobalSection(SolutionConfigurationPlatforms) = preSolution
		Debug|Any CPU = Debug|Any CPU
		Release|Any CPU = Release|Any CPU
	EndGlobalSection
	GlobalSection(ProjectConfigurationPlatforms) = postSolution
		{B017F51C-24D8-489C-B57F-249C6721E800}.Debug|Any CPU.ActiveCfg = Debug|Any CPU
		{B017F51C-24D8-489C-B57F-249C6721E800}.Debug|Any CPU.Build.0 = Debug|Any CPU
		{B017F51C-24D8-489C-B57F-249C6721E800}.Release|Any CPU.ActiveCfg = Release|Any CPU
		{B017F51C-24D8-489C-B57F-249C6721E800}.Release|Any CPU.Build.0 = Release|Any CPU
	EndGlobalSection
	GlobalSection(SolutionProperties) = preSolution
		HideSolutionNode = FALSE
	EndGlobalSection
EndGlobal
